
Microsoft Visual Studio Solution File, Format Version 12.00
# Visual Studio Version 17
VisualStudioVersion = 17.2.32616.157
MinimumVisualStudioVersion = 10.0.40219.1
Project("{9A19103F-16F7-4668-BE54-9A1E7A4F7556}") = "MyWebApp", "MyWebApp\MyWebApp.csproj", "{5604A394-4510-4BB7-A3F2-9486EB10D39C}"
EndProject
Project("{9A19103F-16F7-4668-BE54-9A1E7A4F7556}") = "MyWebApp.Models", "MyWebApp.Models\MyWebApp.Models.csproj", "{7BE036DE-C02F-4326-8FCD-C3818AFD02B7}"
EndProject
Project("{9A19103F-16F7-4668-BE54-9A1E7A4F7556}") = "MyWebApp.DataAccessLayer", "MyWebApp.DataAccessLayer\MyWebApp.DataAccessLayer.csproj", "{915551B8-3F2A-4077-8049-9A9E99B976DC}"
EndProject
Project("{9A19103F-16F7-4668-BE54-9A1E7A4F7556}") = "MyWebApp.CommonHelper", "MyWebApp.CommonHelper\MyWebApp.CommonHelper.csproj", "{2EAA67EB-D9DB-4B8F-B1A6-81C33EE08482}"
EndProject
Project("{FAE04EC0-301F-11D3-BF4B-00C04F79EFBC}") = "MyWebApp.Test", "MyWebApp.Test\MyWebApp.Test.csproj", "{0118A706-8E9F-417D-86C5-F5F6CA92E25B}"
EndProject
Global
	GlobalSection(SolutionConfigurationPlatforms) = preSolution
		Debug|Any CPU = Debug|Any CPU
		Release|Any CPU = Release|Any CPU
	EndGlobalSection
	GlobalSection(ProjectConfigurationPlatforms) = postSolution
		{5604A394-4510-4BB7-A3F2-9486EB10D39C}.Debug|Any CPU.ActiveCfg = Debug|Any CPU
		{5604A394-4510-4BB7-A3F2-9486EB10D39C}.Debug|Any CPU.Build.0 = Debug|Any CPU
		{5604A394-4510-4BB7-A3F2-9486EB10D39C}.Release|Any CPU.ActiveCfg = Release|Any CPU
		{5604A394-4510-4BB7-A3F2-9486EB10D39C}.Release|Any CPU.Build.0 = Release|Any CPU
		{7BE036DE-C02F-4326-8FCD-C3818AFD02B7}.Debug|Any CPU.ActiveCfg = Debug|Any CPU
		{7BE036DE-C02F-4326-8FCD-C3818AFD02B7}.Debug|Any CPU.Build.0 = Debug|Any CPU
		{7BE036DE-C02F-4326-8FCD-C3818AFD02B7}.Release|Any CPU.ActiveCfg = Release|Any CPU
		{7BE036DE-C02F-4326-8FCD-C3818AFD02B7}.Release|Any CPU.Build.0 = Release|Any CPU
		{915551B8-3F2A-4077-8049-9A9E99B976DC}.Debug|Any CPU.ActiveCfg = Debug|Any CPU
		{915551B8-3F2A-4077-8049-9A9E99B976DC}.Debug|Any CPU.Build.0 = Debug|Any CPU
		{915551B8-3F2A-4077-8049-9A9E99B976DC}.Release|Any CPU.ActiveCfg = Release|Any CPU
		{915551B8-3F2A-4077-8049-9A9E99B976DC}.Release|Any CPU.Build.0 = Release|Any CPU
		{2EAA67EB-D9DB-4B8F-B1A6-81C33EE08482}.Debug|Any CPU.ActiveCfg = Debug|Any CPU
		{2EAA67EB-D9DB-4B8F-B1A6-81C33EE08482}.Debug|Any CPU.Build.0 = Debug|Any CPU
		{2EAA67EB-D9DB-4B8F-B1A6-81C33EE08482}.Release|Any CPU.ActiveCfg = Release|Any CPU
		{2EAA67EB-D9DB-4B8F-B1A6-81C33EE08482}.Release|Any CPU.Build.0 = Release|Any CPU
		{0118A706-8E9F-417D-86C5-F5F6CA92E25B}.Debug|Any CPU.ActiveCfg = Debug|Any CPU
		{0118A706-8E9F-417D-86C5-F5F6CA92E25B}.Debug|Any CPU.Build.0 = Debug|Any CPU
		{0118A706-8E9F-417D-86C5-F5F6CA92E25B}.Release|Any CPU.ActiveCfg = Release|Any CPU
		{0118A706-8E9F-417D-86C5-F5F6CA92E25B}.Release|Any CPU.Build.0 = Release|Any CPU
	EndGlobalSection
	GlobalSection(SolutionProperties) = preSolution
		HideSolutionNode = FALSE
	EndGlobalSection
	GlobalSection(ExtensibilityGlobals) = postSolution
		SolutionGuid = {78DB3425-BD9C-467A-B8CA-0C9C2D3F38B0}
	EndGlobalSection
EndGlobal
